
Microsoft Visual Studio Solution File, Format Version 12.00
# Visual Studio Version 16
VisualStudioVersion = 16.0.32407.337
MinimumVisualStudioVersion = 10.0.40219.1
Project("{FAE04EC0-301F-11D3-BF4B-00C04F79EFBC}") = "iParkingNet_MVC", "iParkingNet_MVC\iParkingNet_MVC.csproj", "{A42D0370-0B97-4704-87ED-51485EDF8E57}"
EndProject
Project("{FAE04EC0-301F-11D3-BF4B-00C04F79EFBC}") = "Eki_Firestore", "Eki_Firestore\Eki_Firestore.csproj", "{DFD3149B-02F3-49B7-A20D-54D7E9F0EE20}"
EndProject
Global
	GlobalSection(SolutionConfigurationPlatforms) = preSolution
		Debug|Any CPU = Debug|Any CPU
		Release|Any CPU = Release|Any CPU
	EndGlobalSection
	GlobalSection(ProjectConfigurationPlatforms) = postSolution
		{A42D0370-0B97-4704-87ED-51485EDF8E57}.Debug|Any CPU.ActiveCfg = Debug|Any CPU
		{A42D0370-0B97-4704-87ED-51485EDF8E57}.Debug|Any CPU.Build.0 = Debug|Any CPU
		{A42D0370-0B97-4704-87ED-51485EDF8E57}.Release|Any CPU.ActiveCfg = Release|Any CPU
		{A42D0370-0B97-4704-87ED-51485EDF8E57}.Release|Any CPU.Build.0 = Release|Any CPU
		{DFD3149B-02F3-49B7-A20D-54D7E9F0EE20}.Debug|Any CPU.ActiveCfg = Debug|Any CPU
		{DFD3149B-02F3-49B7-A20D-54D7E9F0EE20}.Debug|Any CPU.Build.0 = Debug|Any CPU
		{DFD3149B-02F3-49B7-A20D-54D7E9F0EE20}.Release|Any CPU.ActiveCfg = Release|Any CPU
		{DFD3149B-02F3-49B7-A20D-54D7E9F0EE20}.Release|Any CPU.Build.0 = Release|Any CPU
	EndGlobalSection
	GlobalSection(SolutionProperties) = preSolution
		HideSolutionNode = FALSE
	EndGlobalSection
	GlobalSection(ExtensibilityGlobals) = postSolution
		SolutionGuid = {CF551E50-F6D9-4927-A16A-00EBB5EE4362}
	EndGlobalSection
EndGlobal
